<?xml version="1.0" encoding="utf-8"?>
<Project ToolsVersion="4.0" xmlns="http://schemas.microsoft.com/developer/msbuild/2003">
  <ItemGroup>
    <Filter Include="Source Files">
      <UniqueIdentifier>{4FC737F1-C7A5-4376-A066-2A32D752A2FF}</UniqueIdentifier>
      <Extensions>cpp;c;cc;cxx;def;odl;idl;hpj;bat;asm;asmx</Extensions>
    </Filter>
    <Filter Include="SourcemodReferences">
      <UniqueIdentifier>{372fb8fb-f79c-40dd-abb0-0723765b4114}</UniqueIdentifier>
    </Filter>
    <Filter Include="HL2SDKReferences">
      <UniqueIdentifier>{a4438f04-977e-4d30-82be-163dbde87665}</UniqueIdentifier>
    </Filter>
  </ItemGroup>
  <ItemGroup>
    <ClCompile Include="..\extension.cpp">
      <Filter>Source Files</Filter>
    </ClCompile>
    <ClCompile Include="$(SOURCEMOD)\public\smsdk_ext.cpp">
      <Filter>SourcemodReferences</Filter>
    </ClCompile>
    <ClCompile Include="$(SOURCEMOD)\public\CDetour\detours.cpp">
      <Filter>SourcemodReferences</Filter>
    </ClCompile>
    <ClCompile Include="$(SOURCEMOD)\public\asm\asm.c">
      <Filter>SourcemodReferences</Filter>
    </ClCompile>
  </ItemGroup>
  <ItemGroup>
    <ClInclude Include="$(SOURCEMOD)\public\asm\asm.h">
      <Filter>SourcemodReferences</Filter>
    </ClInclude>
    <ClInclude Include="$(SOURCEMOD)\public\CDetour\detourhelpers.h">
      <Filter>SourcemodReferences</Filter>
    </ClInclude>
    <ClInclude Include="$(SOURCEMOD)\public\CDetour\detours.h">
      <Filter>SourcemodReferences</Filter>
    </ClInclude>
    <ClInclude Include="$(SOURCEMOD)\public\smsdk_ext.h">
      <Filter>SourcemodReferences</Filter>
    </ClInclude>
    <ClInclude Include="..\smsdk_config.h">
      <Filter>Source Files</Filter>
    </ClInclude>
    <ClInclude Include="..\extension.h">
      <Filter>Source Files</Filter>
    </ClInclude>
    <ClInclude Include="..\sigs.h">
      <Filter>Source Files</Filter>
    </ClInclude>
  </ItemGroup>
</Project>